
Microsoft Visual Studio Solution File, Format Version 12.00
# Visual Studio Version 16
VisualStudioVersion = 16.0.30114.105
MinimumVisualStudioVersion = 10.0.40219.1
Project("{FAE04EC0-301F-11D3-BF4B-00C04F79EFBC}") = "MarsWeatherApi", "src\MarsWeatherApi.csproj", "{3E89AFFC-E630-4650-9887-07907B9CBB41}"
EndProject
Project("{FAE04EC0-301F-11D3-BF4B-00C04F79EFBC}") = "test", "test\test.csproj", "{5F9C88C3-12E4-4234-ABCC-EAA3BD5AE3EA}"
EndProject
Project("{FAE04EC0-301F-11D3-BF4B-00C04F79EFBC}") = "integrationtests", "integrationtests\integrationtests.csproj", "{12E99C16-DB0F-486C-B4AA-A2E2A053F6D8}"
EndProject
Global
	GlobalSection(SolutionConfigurationPlatforms) = preSolution
		Debug|Any CPU = Debug|Any CPU
		Release|Any CPU = Release|Any CPU
	EndGlobalSection
	GlobalSection(SolutionProperties) = preSolution
		HideSolutionNode = FALSE
	EndGlobalSection
	GlobalSection(ProjectConfigurationPlatforms) = postSolution
		{3E89AFFC-E630-4650-9887-07907B9CBB41}.Debug|Any CPU.ActiveCfg = Debug|Any CPU
		{3E89AFFC-E630-4650-9887-07907B9CBB41}.Debug|Any CPU.Build.0 = Debug|Any CPU
		{3E89AFFC-E630-4650-9887-07907B9CBB41}.Release|Any CPU.ActiveCfg = Release|Any CPU
		{3E89AFFC-E630-4650-9887-07907B9CBB41}.Release|Any CPU.Build.0 = Release|Any CPU
		{5F9C88C3-12E4-4234-ABCC-EAA3BD5AE3EA}.Debug|Any CPU.ActiveCfg = Debug|Any CPU
		{5F9C88C3-12E4-4234-ABCC-EAA3BD5AE3EA}.Debug|Any CPU.Build.0 = Debug|Any CPU
		{5F9C88C3-12E4-4234-ABCC-EAA3BD5AE3EA}.Release|Any CPU.ActiveCfg = Release|Any CPU
		{5F9C88C3-12E4-4234-ABCC-EAA3BD5AE3EA}.Release|Any CPU.Build.0 = Release|Any CPU
		{12E99C16-DB0F-486C-B4AA-A2E2A053F6D8}.Debug|Any CPU.ActiveCfg = Debug|Any CPU
		{12E99C16-DB0F-486C-B4AA-A2E2A053F6D8}.Debug|Any CPU.Build.0 = Debug|Any CPU
		{12E99C16-DB0F-486C-B4AA-A2E2A053F6D8}.Release|Any CPU.ActiveCfg = Release|Any CPU
		{12E99C16-DB0F-486C-B4AA-A2E2A053F6D8}.Release|Any CPU.Build.0 = Release|Any CPU
	EndGlobalSection
EndGlobal
